
Microsoft Visual Studio Solution File, Format Version 12.00
# Visual Studio 15
VisualStudioVersion = 15.0.26430.16
MinimumVisualStudioVersion = 10.0.40219.1
Project("{FAE04EC0-301F-11D3-BF4B-00C04F79EFBC}") = "ConsoleApp1", "ConsoleApp1\ConsoleApp1.csproj", "{61C234F3-174E-4738-A184-02A2A6552B89}"
EndProject
Project("{FAE04EC0-301F-11D3-BF4B-00C04F79EFBC}") = "DouyuDanmuSpider", "DouyuDanmuSpider\DouyuDanmuSpider.csproj", "{9A4B96C2-6529-4F06-B4F7-5740C2FB8AFD}"
EndProject
Project("{FAE04EC0-301F-11D3-BF4B-00C04F79EFBC}") = "WebApplication1", "D:\Visual Studio 2017\Projects\ConsoleApp1\WebApplication1\WebApplication1.csproj", "{2BF1B003-6D60-4170-86CB-BA119A1E9E1D}"
EndProject
Global
	GlobalSection(SolutionConfigurationPlatforms) = preSolution
		Debug|Any CPU = Debug|Any CPU
		Release|Any CPU = Release|Any CPU
	EndGlobalSection
	GlobalSection(ProjectConfigurationPlatforms) = postSolution
		{61C234F3-174E-4738-A184-02A2A6552B89}.Debug|Any CPU.ActiveCfg = Debug|Any CPU
		{61C234F3-174E-4738-A184-02A2A6552B89}.Debug|Any CPU.Build.0 = Debug|Any CPU
		{61C234F3-174E-4738-A184-02A2A6552B89}.Release|Any CPU.ActiveCfg = Release|Any CPU
		{61C234F3-174E-4738-A184-02A2A6552B89}.Release|Any CPU.Build.0 = Release|Any CPU
		{9A4B96C2-6529-4F06-B4F7-5740C2FB8AFD}.Debug|Any CPU.ActiveCfg = Debug|Any CPU
		{9A4B96C2-6529-4F06-B4F7-5740C2FB8AFD}.Debug|Any CPU.Build.0 = Debug|Any CPU
		{9A4B96C2-6529-4F06-B4F7-5740C2FB8AFD}.Release|Any CPU.ActiveCfg = Release|Any CPU
		{9A4B96C2-6529-4F06-B4F7-5740C2FB8AFD}.Release|Any CPU.Build.0 = Release|Any CPU
		{2BF1B003-6D60-4170-86CB-BA119A1E9E1D}.Debug|Any CPU.ActiveCfg = Debug|Any CPU
		{2BF1B003-6D60-4170-86CB-BA119A1E9E1D}.Debug|Any CPU.Build.0 = Debug|Any CPU
		{2BF1B003-6D60-4170-86CB-BA119A1E9E1D}.Release|Any CPU.ActiveCfg = Release|Any CPU
		{2BF1B003-6D60-4170-86CB-BA119A1E9E1D}.Release|Any CPU.Build.0 = Release|Any CPU
	EndGlobalSection
	GlobalSection(SolutionProperties) = preSolution
		HideSolutionNode = FALSE
	EndGlobalSection
EndGlobal
